Microsoft Visual Studio Solution File, Format Version 12.00
# Visual Studio 2012
Project("{FAE04EC0-301F-11D3-BF4B-00C04F79EFBC}") = "wugi", "wugi.csproj", "{B0460B67-B1AF-482B-A0FE-8BA18E99260F}"
EndProject
Global
	GlobalSection(SolutionConfigurationPlatforms) = preSolution
	Debug|Any CPU = Debug|Any CPU
	ExportDebug|Any CPU = ExportDebug|Any CPU
	ExportRelease|Any CPU = ExportRelease|Any CPU
	EndGlobalSection
	GlobalSection(ProjectConfigurationPlatforms) = postSolution
		{B0460B67-B1AF-482B-A0FE-8BA18E99260F}.Debug|Any CPU.ActiveCfg = Debug|Any CPU
		{B0460B67-B1AF-482B-A0FE-8BA18E99260F}.Debug|Any CPU.Build.0 = Debug|Any CPU
		{B0460B67-B1AF-482B-A0FE-8BA18E99260F}.ExportDebug|Any CPU.ActiveCfg = ExportDebug|Any CPU
		{B0460B67-B1AF-482B-A0FE-8BA18E99260F}.ExportDebug|Any CPU.Build.0 = ExportDebug|Any CPU
		{B0460B67-B1AF-482B-A0FE-8BA18E99260F}.ExportRelease|Any CPU.ActiveCfg = ExportRelease|Any CPU
		{B0460B67-B1AF-482B-A0FE-8BA18E99260F}.ExportRelease|Any CPU.Build.0 = ExportRelease|Any CPU
	EndGlobalSection
EndGlobal
